
Microsoft Visual Studio Solution File, Format Version 12.00
# Visual Studio 15
VisualStudioVersion = 15.0.27703.2047
MinimumVisualStudioVersion = 10.0.40219.1
Project("{FAE04EC0-301F-11D3-BF4B-00C04F79EFBC}") = "BLL", "BLL\BLL.csproj", "{3B889EB0-3FE8-4491-BAA9-964C8B43D8CF}"
EndProject
Project("{FAE04EC0-301F-11D3-BF4B-00C04F79EFBC}") = "WinUI", "WinUI\WinUI.csproj", "{A4180DBE-5EE4-4688-B50B-6320414E2A33}"
EndProject
Project("{FAE04EC0-301F-11D3-BF4B-00C04F79EFBC}") = "DAL", "DAL\DAL.csproj", "{22E9B24A-6128-49C0-8FF3-8AB5CDD418D6}"
EndProject
Project("{FAE04EC0-301F-11D3-BF4B-00C04F79EFBC}") = "MODELS", "MODELS\MODELS.csproj", "{2921690C-3AB5-4EE8-AEC1-1D4A65F3969E}"
EndProject
Global
	GlobalSection(SolutionConfigurationPlatforms) = preSolution
		Debug|Any CPU = Debug|Any CPU
		Release|Any CPU = Release|Any CPU
	EndGlobalSection
	GlobalSection(ProjectConfigurationPlatforms) = postSolution
		{3B889EB0-3FE8-4491-BAA9-964C8B43D8CF}.Debug|Any CPU.ActiveCfg = Debug|Any CPU
		{3B889EB0-3FE8-4491-BAA9-964C8B43D8CF}.Debug|Any CPU.Build.0 = Debug|Any CPU
		{3B889EB0-3FE8-4491-BAA9-964C8B43D8CF}.Release|Any CPU.ActiveCfg = Release|Any CPU
		{3B889EB0-3FE8-4491-BAA9-964C8B43D8CF}.Release|Any CPU.Build.0 = Release|Any CPU
		{A4180DBE-5EE4-4688-B50B-6320414E2A33}.Debug|Any CPU.ActiveCfg = Debug|Any CPU
		{A4180DBE-5EE4-4688-B50B-6320414E2A33}.Debug|Any CPU.Build.0 = Debug|Any CPU
		{A4180DBE-5EE4-4688-B50B-6320414E2A33}.Release|Any CPU.ActiveCfg = Release|Any CPU
		{A4180DBE-5EE4-4688-B50B-6320414E2A33}.Release|Any CPU.Build.0 = Release|Any CPU
		{22E9B24A-6128-49C0-8FF3-8AB5CDD418D6}.Debug|Any CPU.ActiveCfg = Debug|Any CPU
		{22E9B24A-6128-49C0-8FF3-8AB5CDD418D6}.Debug|Any CPU.Build.0 = Debug|Any CPU
		{22E9B24A-6128-49C0-8FF3-8AB5CDD418D6}.Release|Any CPU.ActiveCfg = Release|Any CPU
		{22E9B24A-6128-49C0-8FF3-8AB5CDD418D6}.Release|Any CPU.Build.0 = Release|Any CPU
		{2921690C-3AB5-4EE8-AEC1-1D4A65F3969E}.Debug|Any CPU.ActiveCfg = Debug|Any CPU
		{2921690C-3AB5-4EE8-AEC1-1D4A65F3969E}.Debug|Any CPU.Build.0 = Debug|Any CPU
		{2921690C-3AB5-4EE8-AEC1-1D4A65F3969E}.Release|Any CPU.ActiveCfg = Release|Any CPU
		{2921690C-3AB5-4EE8-AEC1-1D4A65F3969E}.Release|Any CPU.Build.0 = Release|Any CPU
	EndGlobalSection
	GlobalSection(SolutionProperties) = preSolution
		HideSolutionNode = FALSE
	EndGlobalSection
	GlobalSection(ExtensibilityGlobals) = postSolution
		SolutionGuid = {CBD66546-3EF0-44B1-B169-E734ACDCC3E8}
	EndGlobalSection
EndGlobal
